
Microsoft Visual Studio Solution File, Format Version 12.00
# Visual Studio 14
VisualStudioVersion = 14.0.22823.1
MinimumVisualStudioVersion = 10.0.40219.1
Project("{FAE04EC0-301F-11D3-BF4B-00C04F79EFBC}") = "ToDoList", "ToDoList\ToDoList.csproj", "{FDB6D47D-8697-4BCA-B6D5-A67313E71D9D}"
EndProject
Global
	GlobalSection(SolutionConfigurationPlatforms) = preSolution
		Debug|Any CPU = Debug|Any CPU
		Release|Any CPU = Release|Any CPU
	EndGlobalSection
	GlobalSection(ProjectConfigurationPlatforms) = postSolution
		{FDB6D47D-8697-4BCA-B6D5-A67313E71D9D}.Debug|Any CPU.ActiveCfg = Debug|Any CPU
		{FDB6D47D-8697-4BCA-B6D5-A67313E71D9D}.Debug|Any CPU.Build.0 = Debug|Any CPU
		{FDB6D47D-8697-4BCA-B6D5-A67313E71D9D}.Release|Any CPU.ActiveCfg = Release|Any CPU
		{FDB6D47D-8697-4BCA-B6D5-A67313E71D9D}.Release|Any CPU.Build.0 = Release|Any CPU
	EndGlobalSection
	GlobalSection(SolutionProperties) = preSolution
		HideSolutionNode = FALSE
	EndGlobalSection
	GlobalSection(CodealikeProperties) = postSolution
		SolutionGuid = 7ea535f9-c3bd-4d2e-823d-d80fb1c25b1b
	EndGlobalSection
EndGlobal
